// !$*UTF8*$!
{
	archiveVersion = 1;
	classes = {
	};
	objectVersion = 70;
	objects = {

/* Begin PBXBuildFile section */
		C770DBA92C390DE800E1BDC4 /* 네트워크.swift in Sources */ = {isa = PBXBuildFile; fileRef = C770DBA82C390DE800E1BDC4 /* 네트워크.swift */; };
		C770DBAD2C3AAB9400E1BDC4 /* 단어변환.swift in Sources */ = {isa = PBXBuildFile; fileRef = C770DBAC2C3AAB9400E1BDC4 /* 단어변환.swift */; };
		C79B34F92C33D5EB00A9A906 /* 체육복.swift in Sources */ = {isa = PBXBuildFile; fileRef = C79B34F82C33D5EB00A9A906 /* 체육복.swift */; };
		C7AD13012C46486300647ECE /* 최소직사각형.swift in Sources */ = {isa = PBXBuildFile; fileRef = C7AD13002C46486300647ECE /* 최소직사각형.swift */; };
		C7B9D2732C353B790074C162 /* 조이스틱.swift in Sources */ = {isa = PBXBuildFile; fileRef = C7B9D2712C353B4E0074C162 /* 조이스틱.swift */; };
/* End PBXBuildFile section */

/* Begin PBXCopyFilesBuildPhase section */
		C79B34DF2C32868700A9A906 /* CopyFiles */ = {
			isa = PBXCopyFilesBuildPhase;
			buildActionMask = 2147483647;
			dstPath = /usr/share/man/man1/;
			dstSubfolderSpec = 0;
			files = (
			);
			runOnlyForDeploymentPostprocessing = 1;
		};
/* End PBXCopyFilesBuildPhase section */

/* Begin PBXFileReference section */
		C72439E32C5355D600DAB07E /* 2133.swift */ = {isa = PBXFileReference; lastKnownFileType = sourcecode.swift; path = 2133.swift; sourceTree = "<group>"; };
		C72CA8502C400235008D8DE3 /* 11055.swift */ = {isa = PBXFileReference; lastKnownFileType = sourcecode.swift; path = 11055.swift; sourceTree = "<group>"; };
		C735FFAD2C48D7DA00AB6E11 /* 15649.swift */ = {isa = PBXFileReference; lastKnownFileType = sourcecode.swift; path = 15649.swift; sourceTree = "<group>"; };
		C735FFAF2C48E55D00AB6E11 /* 5568.swift */ = {isa = PBXFileReference; lastKnownFileType = sourcecode.swift; path = 5568.swift; sourceTree = "<group>"; };
		C75A4B6A2C4D1661008101A1 /* 10971.swift */ = {isa = PBXFileReference; lastKnownFileType = sourcecode.swift; path = 10971.swift; sourceTree = "<group>"; };
		C75A4B6C2C4D248F008101A1 /* 15686.swift */ = {isa = PBXFileReference; lastKnownFileType = sourcecode.swift; path = 15686.swift; sourceTree = "<group>"; };
		C75A4B6E2C4E0E73008101A1 /* 1759.swift */ = {isa = PBXFileReference; lastKnownFileType = sourcecode.swift; path = 1759.swift; sourceTree = "<group>"; };
		C75A4B702C4E30CC008101A1 /* 2529.swift */ = {isa = PBXFileReference; lastKnownFileType = sourcecode.swift; path = 2529.swift; sourceTree = "<group>"; };
		C75A4B722C4F2F14008101A1 /* 카펫.swift */ = {isa = PBXFileReference; lastKnownFileType = sourcecode.swift; path = "카펫.swift"; sourceTree = "<group>"; };
		C75A4B742C4F3005008101A1 /* 9663.swift */ = {isa = PBXFileReference; lastKnownFileType = sourcecode.swift; path = 9663.swift; sourceTree = "<group>"; };
		C7649BB22C47A0DE0044447B /* 11054.swift */ = {isa = PBXFileReference; lastKnownFileType = sourcecode.swift; path = 11054.swift; sourceTree = "<group>"; };
		C7649BB42C47C4B40044447B /* 2565.swift */ = {isa = PBXFileReference; lastKnownFileType = sourcecode.swift; path = 2565.swift; sourceTree = "<group>"; };
		C770DB9B2C3679AA00E1BDC4 /* 1449.swift */ = {isa = PBXFileReference; lastKnownFileType = sourcecode.swift; path = 1449.swift; sourceTree = "<group>"; };
		C770DBA02C36C1A700E1BDC4 /* 타겟넘버.swift */ = {isa = PBXFileReference; lastKnownFileType = sourcecode.swift; path = "타겟넘버.swift"; sourceTree = "<group>"; };
		C770DBA22C3713D900E1BDC4 /* 4963.swift */ = {isa = PBXFileReference; lastKnownFileType = sourcecode.swift; path = 4963.swift; sourceTree = "<group>"; };
		C770DBA42C37C3CE00E1BDC4 /* 18352.swift */ = {isa = PBXFileReference; lastKnownFileType = sourcecode.swift; path = 18352.swift; sourceTree = "<group>"; };
		C770DBA62C38EA6400E1BDC4 /* 7562.swift */ = {isa = PBXFileReference; lastKnownFileType = sourcecode.swift; path = 7562.swift; sourceTree = "<group>"; };
		C770DBA82C390DE800E1BDC4 /* 네트워크.swift */ = {isa = PBXFileReference; lastKnownFileType = sourcecode.swift; path = "네트워크.swift"; sourceTree = "<group>"; };
		C770DBAA2C3A475A00E1BDC4 /* 2583.swift */ = {isa = PBXFileReference; lastKnownFileType = sourcecode.swift; path = 2583.swift; sourceTree = "<group>"; };
		C770DBAC2C3AAB9400E1BDC4 /* 단어변환.swift */ = {isa = PBXFileReference; lastKnownFileType = sourcecode.swift; path = "단어변환.swift"; sourceTree = "<group>"; };
		C770DBAE2C3BB72200E1BDC4 /* 1325.swift */ = {isa = PBXFileReference; lastKnownFileType = sourcecode.swift; path = 1325.swift; sourceTree = "<group>"; };
		C770DBB02C3BE49500E1BDC4 /* 여행티켓.swift */ = {isa = PBXFileReference; lastKnownFileType = sourcecode.swift; path = "여행티켓.swift"; sourceTree = "<group>"; };
		C770DBB42C3CCCF200E1BDC4 /* 2775.swift */ = {isa = PBXFileReference; lastKnownFileType = sourcecode.swift; path = 2775.swift; sourceTree = "<group>"; };
		C770DBB72C3CD35000E1BDC4 /* 9461.swift */ = {isa = PBXFileReference; lastKnownFileType = sourcecode.swift; path = 9461.swift; sourceTree = "<group>"; };
		C770DBB92C3D9B8B00E1BDC4 /* 1904.swift */ = {isa = PBXFileReference; lastKnownFileType = sourcecode.swift; path = 1904.swift; sourceTree = "<group>"; };
		C770DBBB2C3DABFA00E1BDC4 /* 11722.swift */ = {isa = PBXFileReference; lastKnownFileType = sourcecode.swift; path = 11722.swift; sourceTree = "<group>"; };
		C78281DF2C4A0CD8003BD271 /* 1182.swift */ = {isa = PBXFileReference; lastKnownFileType = sourcecode.swift; path = 1182.swift; sourceTree = "<group>"; };
		C78281E12C4A1D4F003BD271 /* 6603.swift */ = {isa = PBXFileReference; lastKnownFileType = sourcecode.swift; path = 6603.swift; sourceTree = "<group>"; };
		C78281E32C4BA56A003BD271 /* 10819.swift */ = {isa = PBXFileReference; lastKnownFileType = sourcecode.swift; path = 10819.swift; sourceTree = "<group>"; };
		C78281E52C4BB3EB003BD271 /* 10874.swift */ = {isa = PBXFileReference; lastKnownFileType = sourcecode.swift; path = 10874.swift; sourceTree = "<group>"; };
		C7909B3D2C520F390059FF57 /* 2225.swift */ = {isa = PBXFileReference; lastKnownFileType = sourcecode.swift; path = 2225.swift; sourceTree = "<group>"; };
		C792B0D02C40432A00C7A87D /* 11048.swift */ = {isa = PBXFileReference; lastKnownFileType = sourcecode.swift; path = 11048.swift; sourceTree = "<group>"; };
		C792B0D22C40D5FC00C7A87D /* 2748.swift */ = {isa = PBXFileReference; lastKnownFileType = sourcecode.swift; path = 2748.swift; sourceTree = "<group>"; };
		C792B0D42C4186E500C7A87D /* 11057.swift */ = {isa = PBXFileReference; lastKnownFileType = sourcecode.swift; path = 11057.swift; sourceTree = "<group>"; };
		C792B0D62C419AFA00C7A87D /* 11051.swift */ = {isa = PBXFileReference; lastKnownFileType = sourcecode.swift; path = 11051.swift; sourceTree = "<group>"; };
		C792B0D82C43694800C7A87D /* 1309.swift */ = {isa = PBXFileReference; lastKnownFileType = sourcecode.swift; path = 1309.swift; sourceTree = "<group>"; };
		C792B0DA2C437DD700C7A87D /* 1890.swift */ = {isa = PBXFileReference; lastKnownFileType = sourcecode.swift; path = 1890.swift; sourceTree = "<group>"; };
		C79384FC2C3F8E140071AF52 /* 9184.swift */ = {isa = PBXFileReference; lastKnownFileType = sourcecode.swift; path = 9184.swift; sourceTree = "<group>"; };
		C79B34E12C32868700A9A906 /* Alagorithm_swift */ = {isa = PBXFileReference; explicitFileType = "compiled.mach-o.executable"; includeInIndex = 0; path = Alagorithm_swift; sourceTree = BUILT_PRODUCTS_DIR; };
		C79B34F02C32882900A9A906 /* 1920.swift */ = {isa = PBXFileReference; lastKnownFileType = sourcecode.swift; path = 1920.swift; sourceTree = "<group>"; };
		C79B34F22C32AB8500A9A906 /* K번째수.swift */ = {isa = PBXFileReference; lastKnownFileType = sourcecode.swift; path = "K번째수.swift"; sourceTree = "<group>"; };
		C79B34F62C33CB7100A9A906 /* 11047.swift */ = {isa = PBXFileReference; lastKnownFileType = sourcecode.swift; path = 11047.swift; sourceTree = "<group>"; };
		C79B34F82C33D5EB00A9A906 /* 체육복.swift */ = {isa = PBXFileReference; lastKnownFileType = sourcecode.swift; path = "체육복.swift"; sourceTree = "<group>"; };
		C7AD12F82C44F4F900647ECE /* 15988.swift */ = {isa = PBXFileReference; lastKnownFileType = sourcecode.swift; path = 15988.swift; sourceTree = "<group>"; };
		C7AD12FA2C44F80900647ECE /* 12852.swift */ = {isa = PBXFileReference; lastKnownFileType = sourcecode.swift; path = 12852.swift; sourceTree = "<group>"; };
		C7AD12FC2C463DB200647ECE /* 2294.swift */ = {isa = PBXFileReference; lastKnownFileType = sourcecode.swift; path = 2294.swift; sourceTree = "<group>"; };
		C7AD13002C46486300647ECE /* 최소직사각형.swift */ = {isa = PBXFileReference; lastKnownFileType = sourcecode.swift; path = "최소직사각형.swift"; sourceTree = "<group>"; };
		C7B9D26F2C3511F20074C162 /* 13305.swift */ = {isa = PBXFileReference; lastKnownFileType = sourcecode.swift; path = 13305.swift; sourceTree = "<group>"; };
		C7B9D2712C353B4E0074C162 /* 조이스틱.swift */ = {isa = PBXFileReference; lastKnownFileType = sourcecode.swift; path = "조이스틱.swift"; sourceTree = "<group>"; };
		C7BFCCFB2C50C6200042BA9C /* 3055.swift */ = {isa = PBXFileReference; lastKnownFileType = sourcecode.swift; path = 3055.swift; sourceTree = "<group>"; };
		C7BFCCFD2C50D6DA0042BA9C /* 14502.swift */ = {isa = PBXFileReference; lastKnownFileType = sourcecode.swift; path = 14502.swift; sourceTree = "<group>"; };
/* End PBXFileReference section */

/* Begin PBXFileSystemSynchronizedRootGroup section */
		C7909B3F2C5256310059FF57 /* 프로그래머스 */ = {isa = PBXFileSystemSynchronizedRootGroup; explicitFileTypes = {}; explicitFolders = (); name = "프로그래머스"; path = "프로그래머스"; sourceTree = "<group>"; };
		C7909B402C5260610059FF57 /* Graph */ = {isa = PBXFileSystemSynchronizedRootGroup; explicitFileTypes = {}; explicitFolders = (); path = Graph; sourceTree = "<group>"; };
/* End PBXFileSystemSynchronizedRootGroup section */

/* Begin PBXFrameworksBuildPhase section */
		C79B34DE2C32868700A9A906 /* Frameworks */ = {
			isa = PBXFrameworksBuildPhase;
			buildActionMask = 2147483647;
			files = (
			);
			runOnlyForDeploymentPostprocessing = 0;
		};
/* End PBXFrameworksBuildPhase section */

/* Begin PBXGroup section */
		C735FFAB2C48D7C300AB6E11 /* BackTacking */ = {
			isa = PBXGroup;
			children = (
				C735FFAC2C48D7D100AB6E11 /* 백준 */,
			);
			path = BackTacking;
			sourceTree = "<group>";
		};
		C735FFAC2C48D7D100AB6E11 /* 백준 */ = {
			isa = PBXGroup;
			children = (
				C735FFAD2C48D7DA00AB6E11 /* 15649.swift */,
				C75A4B742C4F3005008101A1 /* 9663.swift */,
				C735FFAF2C48E55D00AB6E11 /* 5568.swift */,
				C78281DF2C4A0CD8003BD271 /* 1182.swift */,
				C78281E12C4A1D4F003BD271 /* 6603.swift */,
				C78281E32C4BA56A003BD271 /* 10819.swift */,
				C75A4B6A2C4D1661008101A1 /* 10971.swift */,
				C75A4B6C2C4D248F008101A1 /* 15686.swift */,
				C75A4B6E2C4E0E73008101A1 /* 1759.swift */,
				C75A4B702C4E30CC008101A1 /* 2529.swift */,
				C78281E52C4BB3EB003BD271 /* 10874.swift */,
			);
			name = "백준";
			path = "백준";
			sourceTree = "<group>";
		};
		C770DB9D2C367F7200E1BDC4 /* BFS,DFS */ = {
			isa = PBXGroup;
			children = (
				C770DB9F2C36C16600E1BDC4 /* 프로그래머스 */,
				C770DB9E2C36C16300E1BDC4 /* 백준 */,
			);
			path = "BFS,DFS";
			sourceTree = "<group>";
		};
		C770DB9E2C36C16300E1BDC4 /* 백준 */ = {
			isa = PBXGroup;
			children = (
				C770DBA22C3713D900E1BDC4 /* 4963.swift */,
				C7BFCCFD2C50D6DA0042BA9C /* 14502.swift */,
				C770DBAE2C3BB72200E1BDC4 /* 1325.swift */,
				C770DBAA2C3A475A00E1BDC4 /* 2583.swift */,
				C770DBA42C37C3CE00E1BDC4 /* 18352.swift */,
				C7BFCCFB2C50C6200042BA9C /* 3055.swift */,
				C770DBA62C38EA6400E1BDC4 /* 7562.swift */,
			);
			name = "백준";
			path = "백준";
			sourceTree = "<group>";
		};
		C770DB9F2C36C16600E1BDC4 /* 프로그래머스 */ = {
			isa = PBXGroup;
			children = (
				C770DBA02C36C1A700E1BDC4 /* 타겟넘버.swift */,
				C770DBB02C3BE49500E1BDC4 /* 여행티켓.swift */,
				C770DBA82C390DE800E1BDC4 /* 네트워크.swift */,
				C770DBAC2C3AAB9400E1BDC4 /* 단어변환.swift */,
			);
			name = "프로그래머스";
			path = "프로그래머스";
			sourceTree = "<group>";
		};
		C770DBB22C3CCCA200E1BDC4 /* DP */ = {
			isa = PBXGroup;
			children = (
				C7909B3F2C5256310059FF57 /* 프로그래머스 */,
				C770DBB32C3CCCA700E1BDC4 /* 백준 */,
			);
			path = DP;
			sourceTree = "<group>";
		};
		C770DBB32C3CCCA700E1BDC4 /* 백준 */ = {
			isa = PBXGroup;
			children = (
				C770DBB42C3CCCF200E1BDC4 /* 2775.swift */,
				C7909B3D2C520F390059FF57 /* 2225.swift */,
				C770DBB72C3CD35000E1BDC4 /* 9461.swift */,
				C770DBB92C3D9B8B00E1BDC4 /* 1904.swift */,
				C792B0D42C4186E500C7A87D /* 11057.swift */,
				C792B0DA2C437DD700C7A87D /* 1890.swift */,
				C7AD12F82C44F4F900647ECE /* 15988.swift */,
				C770DBBB2C3DABFA00E1BDC4 /* 11722.swift */,
				C792B0D62C419AFA00C7A87D /* 11051.swift */,
				C72439E32C5355D600DAB07E /* 2133.swift */,
				C7AD12FC2C463DB200647ECE /* 2294.swift */,
				C7649BB22C47A0DE0044447B /* 11054.swift */,
				C7649BB42C47C4B40044447B /* 2565.swift */,
				C7AD12FA2C44F80900647ECE /* 12852.swift */,
				C792B0D22C40D5FC00C7A87D /* 2748.swift */,
				C792B0D02C40432A00C7A87D /* 11048.swift */,
				C79384FC2C3F8E140071AF52 /* 9184.swift */,
				C792B0D82C43694800C7A87D /* 1309.swift */,
				C72CA8502C400235008D8DE3 /* 11055.swift */,
			);
			name = "백준";
			path = "백준";
			sourceTree = "<group>";
		};
		C79B34D82C32868700A9A906 = {
			isa = PBXGroup;
			children = (
				C7909B402C5260610059FF57 /* Graph */,
				C735FFAB2C48D7C300AB6E11 /* BackTacking */,
				C7AD12FE2C46484B00647ECE /* 완전탐색 */,
				C770DBB22C3CCCA200E1BDC4 /* DP */,
				C770DB9D2C367F7200E1BDC4 /* BFS,DFS */,
				C79B34EC2C3287D700A9A906 /* Sorting */,
				C79B34EB2C32869200A9A906 /* Greedy */,
				C79B34E22C32868700A9A906 /* Products */,
			);
			sourceTree = "<group>";
		};
		C79B34E22C32868700A9A906 /* Products */ = {
			isa = PBXGroup;
			children = (
				C79B34E12C32868700A9A906 /* Alagorithm_swift */,
			);
			name = Products;
			sourceTree = "<group>";
		};
		C79B34EB2C32869200A9A906 /* Greedy */ = {
			isa = PBXGroup;
			children = (
				C79B34F52C33CB5500A9A906 /* 백준 */,
				C79B34F42C33CB4300A9A906 /* 프로그래머스 */,
			);
			path = Greedy;
			sourceTree = "<group>";
		};
		C79B34EC2C3287D700A9A906 /* Sorting */ = {
			isa = PBXGroup;
			children = (
				C79B34EF2C3287FE00A9A906 /* 프로그래머스 */,
				C79B34ED2C3287F300A9A906 /* 백준 */,
			);
			path = Sorting;
			sourceTree = "<group>";
		};
		C79B34ED2C3287F300A9A906 /* 백준 */ = {
			isa = PBXGroup;
			children = (
				C79B34F02C32882900A9A906 /* 1920.swift */,
			);
			name = "백준";
			path = "백준";
			sourceTree = "<group>";
		};
		C79B34EF2C3287FE00A9A906 /* 프로그래머스 */ = {
			isa = PBXGroup;
			children = (
				C79B34F22C32AB8500A9A906 /* K번째수.swift */,
			);
			name = "프로그래머스";
			path = "프로그래머스";
			sourceTree = "<group>";
		};
		C79B34F42C33CB4300A9A906 /* 프로그래머스 */ = {
			isa = PBXGroup;
			children = (
				C79B34F82C33D5EB00A9A906 /* 체육복.swift */,
				C7B9D2712C353B4E0074C162 /* 조이스틱.swift */,
			);
			name = "프로그래머스";
			path = "프로그래머스";
			sourceTree = "<group>";
		};
		C79B34F52C33CB5500A9A906 /* 백준 */ = {
			isa = PBXGroup;
			children = (
				C79B34F62C33CB7100A9A906 /* 11047.swift */,
				C770DB9B2C3679AA00E1BDC4 /* 1449.swift */,
				C7B9D26F2C3511F20074C162 /* 13305.swift */,
			);
			name = "백준";
			path = "백준";
			sourceTree = "<group>";
		};
		C7AD12FE2C46484B00647ECE /* 완전탐색 */ = {
			isa = PBXGroup;
			children = (
				C7AD12FF2C46485300647ECE /* Programmers */,
			);
			name = "완전탐색";
			path = "완전탐색";
			sourceTree = "<group>";
		};
		C7AD12FF2C46485300647ECE /* Programmers */ = {
			isa = PBXGroup;
			children = (
				C7AD13002C46486300647ECE /* 최소직사각형.swift */,
				C75A4B722C4F2F14008101A1 /* 카펫.swift */,
			);
			path = Programmers;
			sourceTree = "<group>";
		};
/* End PBXGroup section */

/* Begin PBXNativeTarget section */
		C79B34E02C32868700A9A906 /* Alagorithm_swift */ = {
			isa = PBXNativeTarget;
			buildConfigurationList = C79B34E82C32868700A9A906 /* Build configuration list for PBXNativeTarget "Alagorithm_swift" */;
			buildPhases = (
				C79B34DD2C32868700A9A906 /* Sources */,
				C79B34DE2C32868700A9A906 /* Frameworks */,
				C79B34DF2C32868700A9A906 /* CopyFiles */,
			);
			buildRules = (
			);
			dependencies = (
			);
			name = Alagorithm_swift;
			productName = Alagorithm_swift;
			productReference = C79B34E12C32868700A9A906 /* Alagorithm_swift */;
			productType = "com.apple.product-type.tool";
		};
/* End PBXNativeTarget section */

/* Begin PBXProject section */
		C79B34D92C32868700A9A906 /* Project object */ = {
			isa = PBXProject;
			attributes = {
				BuildIndependentTargetsInParallel = 1;
				LastSwiftUpdateCheck = 1540;
				LastUpgradeCheck = 1540;
				TargetAttributes = {
					C79B34E02C32868700A9A906 = {
						CreatedOnToolsVersion = 15.4;
						LastSwiftMigration = 1540;
					};
				};
			};
			buildConfigurationList = C79B34DC2C32868700A9A906 /* Build configuration list for PBXProject "Alagorithm_swift" */;
			compatibilityVersion = "Xcode 14.0";
			developmentRegion = en;
			hasScannedForEncodings = 0;
			knownRegions = (
				en,
				Base,
			);
			mainGroup = C79B34D82C32868700A9A906;
			productRefGroup = C79B34E22C32868700A9A906 /* Products */;
			projectDirPath = "";
			projectRoot = "";
			targets = (
				C79B34E02C32868700A9A906 /* Alagorithm_swift */,
			);
		};
/* End PBXProject section */

/* Begin PBXSourcesBuildPhase section */
		C79B34DD2C32868700A9A906 /* Sources */ = {
			isa = PBXSourcesBuildPhase;
			buildActionMask = 2147483647;
			files = (
				C7B9D2732C353B790074C162 /* 조이스틱.swift in Sources */,
				C770DBA92C390DE800E1BDC4 /* 네트워크.swift in Sources */,
				C79B34F92C33D5EB00A9A906 /* 체육복.swift in Sources */,
				C770DBAD2C3AAB9400E1BDC4 /* 단어변환.swift in Sources */,
				C7AD13012C46486300647ECE /* 최소직사각형.swift in Sources */,
			);
			runOnlyForDeploymentPostprocessing = 0;
		};
/* End PBXSourcesBuildPhase section */

/* Begin XCBuildConfiguration section */
		C79B34E62C32868700A9A906 /* Debug */ = {
			isa = XCBuildConfiguration;
			buildSettings = {
				ALWAYS_SEARCH_USER_PATHS = NO;
				ASSETCATALOG_COMPILER_GENERATE_SWIFT_ASSET_SYMBOL_EXTENSIONS = YES;
				CLANG_ANALYZER_NONNULL = YES;
				CLANG_ANALYZER_NUMBER_OBJECT_CONVERSION = YES_AGGRESSIVE;
				CLANG_CXX_LANGUAGE_STANDARD = "gnu++20";
				CLANG_ENABLE_MODULES = YES;
				CLANG_ENABLE_OBJC_ARC = YES;
				CLANG_ENABLE_OBJC_WEAK = YES;
				CLANG_WARN_BLOCK_CAPTURE_AUTORELEASING = YES;
				CLANG_WARN_BOOL_CONVERSION = YES;
				CLANG_WARN_COMMA = YES;
				CLANG_WARN_CONSTANT_CONVERSION = YES;
				CLANG_WARN_DEPRECATED_OBJC_IMPLEMENTATIONS = YES;
				CLANG_WARN_DIRECT_OBJC_ISA_USAGE = YES_ERROR;
				CLANG_WARN_DOCUMENTATION_COMMENTS = YES;
				CLANG_WARN_EMPTY_BODY = YES;
				CLANG_WARN_ENUM_CONVERSION = YES;
				CLANG_WARN_INFINITE_RECURSION = YES;
				CLANG_WARN_INT_CONVERSION = YES;
				CLANG_WARN_NON_LITERAL_NULL_CONVERSION = YES;
				CLANG_WARN_OBJC_IMPLICIT_RETAIN_SELF = YES;
				CLANG_WARN_OBJC_LITERAL_CONVERSION = YES;
				CLANG_WARN_OBJC_ROOT_CLASS = YES_ERROR;
				CLANG_WARN_QUOTED_INCLUDE_IN_FRAMEWORK_HEADER = YES;
				CLANG_WARN_RANGE_LOOP_ANALYSIS = YES;
				CLANG_WARN_STRICT_PROTOTYPES = YES;
				CLANG_WARN_SUSPICIOUS_MOVE = YES;
				CLANG_WARN_UNGUARDED_AVAILABILITY = YES_AGGRESSIVE;
				CLANG_WARN_UNREACHABLE_CODE = YES;
				CLANG_WARN__DUPLICATE_METHOD_MATCH = YES;
				COPY_PHASE_STRIP = NO;
				DEBUG_INFORMATION_FORMAT = dwarf;
				ENABLE_STRICT_OBJC_MSGSEND = YES;
				ENABLE_TESTABILITY = YES;
				ENABLE_USER_SCRIPT_SANDBOXING = YES;
				GCC_C_LANGUAGE_STANDARD = gnu17;
				GCC_DYNAMIC_NO_PIC = NO;
				GCC_NO_COMMON_BLOCKS = YES;
				GCC_OPTIMIZATION_LEVEL = 0;
				GCC_PREPROCESSOR_DEFINITIONS = (
					"DEBUG=1",
					"$(inherited)",
				);
				GCC_WARN_64_TO_32_BIT_CONVERSION = YES;
				GCC_WARN_ABOUT_RETURN_TYPE = YES_ERROR;
				GCC_WARN_UNDECLARED_SELECTOR = YES;
				GCC_WARN_UNINITIALIZED_AUTOS = YES_AGGRESSIVE;
				GCC_WARN_UNUSED_FUNCTION = YES;
				GCC_WARN_UNUSED_VARIABLE = YES;
				LOCALIZATION_PREFERS_STRING_CATALOGS = YES;
				MACOSX_DEPLOYMENT_TARGET = 14.4;
				MTL_ENABLE_DEBUG_INFO = INCLUDE_SOURCE;
				MTL_FAST_MATH = YES;
				ONLY_ACTIVE_ARCH = YES;
				SDKROOT = macosx;
				SWIFT_ACTIVE_COMPILATION_CONDITIONS = "DEBUG $(inherited)";
				SWIFT_OPTIMIZATION_LEVEL = "-Onone";
			};
			name = Debug;
		};
		C79B34E72C32868700A9A906 /* Release */ = {
			isa = XCBuildConfiguration;
			buildSettings = {
				ALWAYS_SEARCH_USER_PATHS = NO;
				ASSETCATALOG_COMPILER_GENERATE_SWIFT_ASSET_SYMBOL_EXTENSIONS = YES;
				CLANG_ANALYZER_NONNULL = YES;
				CLANG_ANALYZER_NUMBER_OBJECT_CONVERSION = YES_AGGRESSIVE;
				CLANG_CXX_LANGUAGE_STANDARD = "gnu++20";
				CLANG_ENABLE_MODULES = YES;
				CLANG_ENABLE_OBJC_ARC = YES;
				CLANG_ENABLE_OBJC_WEAK = YES;
				CLANG_WARN_BLOCK_CAPTURE_AUTORELEASING = YES;
				CLANG_WARN_BOOL_CONVERSION = YES;
				CLANG_WARN_COMMA = YES;
				CLANG_WARN_CONSTANT_CONVERSION = YES;
				CLANG_WARN_DEPRECATED_OBJC_IMPLEMENTATIONS = YES;
				CLANG_WARN_DIRECT_OBJC_ISA_USAGE = YES_ERROR;
				CLANG_WARN_DOCUMENTATION_COMMENTS = YES;
				CLANG_WARN_EMPTY_BODY = YES;
				CLANG_WARN_ENUM_CONVERSION = YES;
				CLANG_WARN_INFINITE_RECURSION = YES;
				CLANG_WARN_INT_CONVERSION = YES;
				CLANG_WARN_NON_LITERAL_NULL_CONVERSION = YES;
				CLANG_WARN_OBJC_IMPLICIT_RETAIN_SELF = YES;
				CLANG_WARN_OBJC_LITERAL_CONVERSION = YES;
				CLANG_WARN_OBJC_ROOT_CLASS = YES_ERROR;
				CLANG_WARN_QUOTED_INCLUDE_IN_FRAMEWORK_HEADER = YES;
				CLANG_WARN_RANGE_LOOP_ANALYSIS = YES;
				CLANG_WARN_STRICT_PROTOTYPES = YES;
				CLANG_WARN_SUSPICIOUS_MOVE = YES;
				CLANG_WARN_UNGUARDED_AVAILABILITY = YES_AGGRESSIVE;
				CLANG_WARN_UNREACHABLE_CODE = YES;
				CLANG_WARN__DUPLICATE_METHOD_MATCH = YES;
				COPY_PHASE_STRIP = NO;
				DEBUG_INFORMATION_FORMAT = "dwarf-with-dsym";
				ENABLE_NS_ASSERTIONS = NO;
				ENABLE_STRICT_OBJC_MSGSEND = YES;
				ENABLE_USER_SCRIPT_SANDBOXING = YES;
				GCC_C_LANGUAGE_STANDARD = gnu17;
				GCC_NO_COMMON_BLOCKS = YES;
				GCC_WARN_64_TO_32_BIT_CONVERSION = YES;
				GCC_WARN_ABOUT_RETURN_TYPE = YES_ERROR;
				GCC_WARN_UNDECLARED_SELECTOR = YES;
				GCC_WARN_UNINITIALIZED_AUTOS = YES_AGGRESSIVE;
				GCC_WARN_UNUSED_FUNCTION = YES;
				GCC_WARN_UNUSED_VARIABLE = YES;
				LOCALIZATION_PREFERS_STRING_CATALOGS = YES;
				MACOSX_DEPLOYMENT_TARGET = 14.4;
				MTL_ENABLE_DEBUG_INFO = NO;
				MTL_FAST_MATH = YES;
				SDKROOT = macosx;
				SWIFT_COMPILATION_MODE = wholemodule;
			};
			name = Release;
		};
		C79B34E92C32868700A9A906 /* Debug */ = {
			isa = XCBuildConfiguration;
			buildSettings = {
				CLANG_ENABLE_MODULES = YES;
				CODE_SIGN_STYLE = Automatic;
				DEVELOPMENT_TEAM = NG2NLR2Z86;
				ENABLE_HARDENED_RUNTIME = YES;
				MACOSX_DEPLOYMENT_TARGET = 14.4;
				PRODUCT_NAME = "$(TARGET_NAME)";
				SWIFT_OPTIMIZATION_LEVEL = "-Onone";
				SWIFT_VERSION = 5.0;
			};
			name = Debug;
		};
		C79B34EA2C32868700A9A906 /* Release */ = {
			isa = XCBuildConfiguration;
			buildSettings = {
				CLANG_ENABLE_MODULES = YES;
				CODE_SIGN_STYLE = Automatic;
				DEVELOPMENT_TEAM = NG2NLR2Z86;
				ENABLE_HARDENED_RUNTIME = YES;
				MACOSX_DEPLOYMENT_TARGET = 14.4;
				PRODUCT_NAME = "$(TARGET_NAME)";
				SWIFT_VERSION = 5.0;
			};
			name = Release;
		};
/* End XCBuildConfiguration section */

/* Begin XCConfigurationList section */
		C79B34DC2C32868700A9A906 /* Build configuration list for PBXProject "Alagorithm_swift" */ = {
			isa = XCConfigurationList;
			buildConfigurations = (
				C79B34E62C32868700A9A906 /* Debug */,
				C79B34E72C32868700A9A906 /* Release */,
			);
			defaultConfigurationIsVisible = 0;
			defaultConfigurationName = Release;
		};
		C79B34E82C32868700A9A906 /* Build configuration list for PBXNativeTarget "Alagorithm_swift" */ = {
			isa = XCConfigurationList;
			buildConfigurations = (
				C79B34E92C32868700A9A906 /* Debug */,
				C79B34EA2C32868700A9A906 /* Release */,
			);
			defaultConfigurationIsVisible = 0;
			defaultConfigurationName = Release;
		};
/* End XCConfigurationList section */
	};
	rootObject = C79B34D92C32868700A9A906 /* Project object */;
}
